// !$*UTF8*$!
{
	archiveVersion = 1;
	classes = {
	};
	objectVersion = 56;
	objects = {

/* Begin PBXBuildFile section */
		1543768F2DB3D1A100A2B39B /* AppDelegate.swift in Sources */ = {isa = PBXBuildFile; fileRef = 1543768E2DB3D1A100A2B39B /* AppDelegate.swift */; };
		154376912DB3D1A100A2B39B /* SceneDelegate.swift in Sources */ = {isa = PBXBuildFile; fileRef = 154376902DB3D1A100A2B39B /* SceneDelegate.swift */; };
		154376932DB3D1A100A2B39B /* DiscoverViewController.swift in Sources */ = {isa = PBXBuildFile; fileRef = 154376922DB3D1A100A2B39B /* DiscoverViewController.swift */; };
		154376982DB3D1A300A2B39B /* Assets.xcassets in Resources */ = {isa = PBXBuildFile; fileRef = 154376972DB3D1A300A2B39B /* Assets.xcassets */; };
		154376A52DB3D49800A2B39B /* TabBarController.swift in Sources */ = {isa = PBXBuildFile; fileRef = 154376A42DB3D49800A2B39B /* TabBarController.swift */; };
		154376A82DB3D82B00A2B39B /* FavoritesViewController.swift in Sources */ = {isa = PBXBuildFile; fileRef = 154376A72DB3D82B00A2B39B /* FavoritesViewController.swift */; };
		154376AA2DB3DB9F00A2B39B /* DiscoverViewController+EXT.swift in Sources */ = {isa = PBXBuildFile; fileRef = 154376A92DB3DB9F00A2B39B /* DiscoverViewController+EXT.swift */; };
		154376AE2DB3DCC300A2B39B /* UIView+EXT.swift in Sources */ = {isa = PBXBuildFile; fileRef = 154376AD2DB3DCC300A2B39B /* UIView+EXT.swift */; };
		154376B32DB3DE2100A2B39B /* PopularCollectionViewCell.swift in Sources */ = {isa = PBXBuildFile; fileRef = 154376B22DB3DE2100A2B39B /* PopularCollectionViewCell.swift */; };
		154376B62DB3E2CE00A2B39B /* MovieMockModel.swift in Sources */ = {isa = PBXBuildFile; fileRef = 154376B52DB3E2CE00A2B39B /* MovieMockModel.swift */; };
		154376B92DB3E95000A2B39B /* AppLayouts.swift in Sources */ = {isa = PBXBuildFile; fileRef = 154376B82DB3E95000A2B39B /* AppLayouts.swift */; };
/* End PBXBuildFile section */

/* Begin PBXFileReference section */
		1543768B2DB3D1A100A2B39B /* Arc.app */ = {isa = PBXFileReference; explicitFileType = wrapper.application; includeInIndex = 0; path = Arc.app; sourceTree = BUILT_PRODUCTS_DIR; };
		1543768E2DB3D1A100A2B39B /* AppDelegate.swift */ = {isa = PBXFileReference; lastKnownFileType = sourcecode.swift; path = AppDelegate.swift; sourceTree = "<group>"; };
		154376902DB3D1A100A2B39B /* SceneDelegate.swift */ = {isa = PBXFileReference; lastKnownFileType = sourcecode.swift; path = SceneDelegate.swift; sourceTree = "<group>"; };
		154376922DB3D1A100A2B39B /* DiscoverViewController.swift */ = {isa = PBXFileReference; lastKnownFileType = sourcecode.swift; path = DiscoverViewController.swift; sourceTree = "<group>"; };
		154376972DB3D1A300A2B39B /* Assets.xcassets */ = {isa = PBXFileReference; lastKnownFileType = folder.assetcatalog; path = Assets.xcassets; sourceTree = "<group>"; };
		1543769C2DB3D1A300A2B39B /* Info.plist */ = {isa = PBXFileReference; lastKnownFileType = text.plist.xml; path = Info.plist; sourceTree = "<group>"; };
		154376A42DB3D49800A2B39B /* TabBarController.swift */ = {isa = PBXFileReference; lastKnownFileType = sourcecode.swift; path = TabBarController.swift; sourceTree = "<group>"; };
		154376A72DB3D82B00A2B39B /* FavoritesViewController.swift */ = {isa = PBXFileReference; lastKnownFileType = sourcecode.swift; path = FavoritesViewController.swift; sourceTree = "<group>"; };
		154376A92DB3DB9F00A2B39B /* DiscoverViewController+EXT.swift */ = {isa = PBXFileReference; lastKnownFileType = sourcecode.swift; path = "DiscoverViewController+EXT.swift"; sourceTree = "<group>"; };
		154376AD2DB3DCC300A2B39B /* UIView+EXT.swift */ = {isa = PBXFileReference; lastKnownFileType = sourcecode.swift; path = "UIView+EXT.swift"; sourceTree = "<group>"; };
		154376B22DB3DE2100A2B39B /* PopularCollectionViewCell.swift */ = {isa = PBXFileReference; lastKnownFileType = sourcecode.swift; path = PopularCollectionViewCell.swift; sourceTree = "<group>"; };
		154376B52DB3E2CE00A2B39B /* MovieMockModel.swift */ = {isa = PBXFileReference; lastKnownFileType = sourcecode.swift; path = MovieMockModel.swift; sourceTree = "<group>"; };
		154376B82DB3E95000A2B39B /* AppLayouts.swift */ = {isa = PBXFileReference; lastKnownFileType = sourcecode.swift; path = AppLayouts.swift; sourceTree = "<group>"; };
/* End PBXFileReference section */

/* Begin PBXFrameworksBuildPhase section */
		154376882DB3D1A100A2B39B /* Frameworks */ = {
			isa = PBXFrameworksBuildPhase;
			buildActionMask = 2147483647;
			files = (
			);
			runOnlyForDeploymentPostprocessing = 0;
		};
/* End PBXFrameworksBuildPhase section */

/* Begin PBXGroup section */
		154376822DB3D1A100A2B39B = {
			isa = PBXGroup;
			children = (
				1543768D2DB3D1A100A2B39B /* Arc */,
				1543768C2DB3D1A100A2B39B /* Products */,
			);
			sourceTree = "<group>";
		};
		1543768C2DB3D1A100A2B39B /* Products */ = {
			isa = PBXGroup;
			children = (
				1543768B2DB3D1A100A2B39B /* Arc.app */,
			);
			name = Products;
			sourceTree = "<group>";
		};
		1543768D2DB3D1A100A2B39B /* Arc */ = {
			isa = PBXGroup;
			children = (
				154376AF2DB3DDC400A2B39B /* View */,
				154376AB2DB3DCA700A2B39B /* EXtensions */,
				154376A62DB3D81300A2B39B /* Screens */,
				154376A22DB3D43400A2B39B /* Custom Views */,
				1543768E2DB3D1A100A2B39B /* AppDelegate.swift */,
				154376902DB3D1A100A2B39B /* SceneDelegate.swift */,
				154376972DB3D1A300A2B39B /* Assets.xcassets */,
				1543769C2DB3D1A300A2B39B /* Info.plist */,
			);
			path = Arc;
			sourceTree = "<group>";
		};
		154376A22DB3D43400A2B39B /* Custom Views */ = {
			isa = PBXGroup;
			children = (
				154376A32DB3D44200A2B39B /* TabBarConrollers */,
			);
			path = "Custom Views";
			sourceTree = "<group>";
		};
		154376A32DB3D44200A2B39B /* TabBarConrollers */ = {
			isa = PBXGroup;
			children = (
				154376A42DB3D49800A2B39B /* TabBarController.swift */,
			);
			path = TabBarConrollers;
			sourceTree = "<group>";
		};
		154376A62DB3D81300A2B39B /* Screens */ = {
			isa = PBXGroup;
			children = (
				154376922DB3D1A100A2B39B /* DiscoverViewController.swift */,
				154376A72DB3D82B00A2B39B /* FavoritesViewController.swift */,
				154376A92DB3DB9F00A2B39B /* DiscoverViewController+EXT.swift */,
			);
			path = Screens;
			sourceTree = "<group>";
		};
		154376AB2DB3DCA700A2B39B /* EXtensions */ = {
			isa = PBXGroup;
			children = (
				154376AD2DB3DCC300A2B39B /* UIView+EXT.swift */,
			);
			path = EXtensions;
			sourceTree = "<group>";
		};
		154376AF2DB3DDC400A2B39B /* View */ = {
			isa = PBXGroup;
			children = (
				154376B42DB3E2A200A2B39B /* Model */,
				154376B12DB3DDD100A2B39B /* Cells */,
			);
			path = View;
			sourceTree = "<group>";
		};
		154376B12DB3DDD100A2B39B /* Cells */ = {
			isa = PBXGroup;
			children = (
				154376B22DB3DE2100A2B39B /* PopularCollectionViewCell.swift */,
			);
			path = Cells;
			sourceTree = "<group>";
		};
		154376B42DB3E2A200A2B39B /* Model */ = {
			isa = PBXGroup;
			children = (
				154376B52DB3E2CE00A2B39B /* MovieMockModel.swift */,
				154376B82DB3E95000A2B39B /* AppLayouts.swift */,
			);
			path = Model;
			sourceTree = "<group>";
		};
/* End PBXGroup section */

/* Begin PBXNativeTarget section */
		1543768A2DB3D1A100A2B39B /* Arc */ = {
			isa = PBXNativeTarget;
			buildConfigurationList = 1543769F2DB3D1A300A2B39B /* Build configuration list for PBXNativeTarget "Arc" */;
			buildPhases = (
				154376872DB3D1A100A2B39B /* Sources */,
				154376882DB3D1A100A2B39B /* Frameworks */,
				154376892DB3D1A100A2B39B /* Resources */,
			);
			buildRules = (
			);
			dependencies = (
			);
			name = Arc;
			productName = Arc;
			productReference = 1543768B2DB3D1A100A2B39B /* Arc.app */;
			productType = "com.apple.product-type.application";
		};
/* End PBXNativeTarget section */

/* Begin PBXProject section */
		154376832DB3D1A100A2B39B /* Project object */ = {
			isa = PBXProject;
			attributes = {
				BuildIndependentTargetsInParallel = 1;
				LastSwiftUpdateCheck = 1540;
				LastUpgradeCheck = 1540;
				TargetAttributes = {
					1543768A2DB3D1A100A2B39B = {
						CreatedOnToolsVersion = 15.4;
					};
				};
			};
			buildConfigurationList = 154376862DB3D1A100A2B39B /* Build configuration list for PBXProject "Arc" */;
			compatibilityVersion = "Xcode 14.0";
			developmentRegion = en;
			hasScannedForEncodings = 0;
			knownRegions = (
				en,
				Base,
			);
			mainGroup = 154376822DB3D1A100A2B39B;
			productRefGroup = 1543768C2DB3D1A100A2B39B /* Products */;
			projectDirPath = "";
			projectRoot = "";
			targets = (
				1543768A2DB3D1A100A2B39B /* Arc */,
			);
		};
/* End PBXProject section */

/* Begin PBXResourcesBuildPhase section */
		154376892DB3D1A100A2B39B /* Resources */ = {
			isa = PBXResourcesBuildPhase;
			buildActionMask = 2147483647;
			files = (
				154376982DB3D1A300A2B39B /* Assets.xcassets in Resources */,
			);
			runOnlyForDeploymentPostprocessing = 0;
		};
/* End PBXResourcesBuildPhase section */

/* Begin PBXSourcesBuildPhase section */
		154376872DB3D1A100A2B39B /* Sources */ = {
			isa = PBXSourcesBuildPhase;
			buildActionMask = 2147483647;
			files = (
				154376932DB3D1A100A2B39B /* DiscoverViewController.swift in Sources */,
				1543768F2DB3D1A100A2B39B /* AppDelegate.swift in Sources */,
				154376B62DB3E2CE00A2B39B /* MovieMockModel.swift in Sources */,
				154376AE2DB3DCC300A2B39B /* UIView+EXT.swift in Sources */,
				154376A52DB3D49800A2B39B /* TabBarController.swift in Sources */,
				154376B32DB3DE2100A2B39B /* PopularCollectionViewCell.swift in Sources */,
				154376A82DB3D82B00A2B39B /* FavoritesViewController.swift in Sources */,
				154376AA2DB3DB9F00A2B39B /* DiscoverViewController+EXT.swift in Sources */,
				154376912DB3D1A100A2B39B /* SceneDelegate.swift in Sources */,
				154376B92DB3E95000A2B39B /* AppLayouts.swift in Sources */,
			);
			runOnlyForDeploymentPostprocessing = 0;
		};
/* End PBXSourcesBuildPhase section */

/* Begin XCBuildConfiguration section */
		1543769D2DB3D1A300A2B39B /* Debug */ = {
			isa = XCBuildConfiguration;
			buildSettings = {
				ALWAYS_SEARCH_USER_PATHS = NO;
				ASSETCATALOG_COMPILER_GENERATE_SWIFT_ASSET_SYMBOL_EXTENSIONS = YES;
				CLANG_ANALYZER_NONNULL = YES;
				CLANG_ANALYZER_NUMBER_OBJECT_CONVERSION = YES_AGGRESSIVE;
				CLANG_CXX_LANGUAGE_STANDARD = "gnu++20";
				CLANG_ENABLE_MODULES = YES;
				CLANG_ENABLE_OBJC_ARC = YES;
				CLANG_ENABLE_OBJC_WEAK = YES;
				CLANG_WARN_BLOCK_CAPTURE_AUTORELEASING = YES;
				CLANG_WARN_BOOL_CONVERSION = YES;
				CLANG_WARN_COMMA = YES;
				CLANG_WARN_CONSTANT_CONVERSION = YES;
				CLANG_WARN_DEPRECATED_OBJC_IMPLEMENTATIONS = YES;
				CLANG_WARN_DIRECT_OBJC_ISA_USAGE = YES_ERROR;
				CLANG_WARN_DOCUMENTATION_COMMENTS = YES;
				CLANG_WARN_EMPTY_BODY = YES;
				CLANG_WARN_ENUM_CONVERSION = YES;
				CLANG_WARN_INFINITE_RECURSION = YES;
				CLANG_WARN_INT_CONVERSION = YES;
				CLANG_WARN_NON_LITERAL_NULL_CONVERSION = YES;
				CLANG_WARN_OBJC_IMPLICIT_RETAIN_SELF = YES;
				CLANG_WARN_OBJC_LITERAL_CONVERSION = YES;
				CLANG_WARN_OBJC_ROOT_CLASS = YES_ERROR;
				CLANG_WARN_QUOTED_INCLUDE_IN_FRAMEWORK_HEADER = YES;
				CLANG_WARN_RANGE_LOOP_ANALYSIS = YES;
				CLANG_WARN_STRICT_PROTOTYPES = YES;
				CLANG_WARN_SUSPICIOUS_MOVE = YES;
				CLANG_WARN_UNGUARDED_AVAILABILITY = YES_AGGRESSIVE;
				CLANG_WARN_UNREACHABLE_CODE = YES;
				CLANG_WARN__DUPLICATE_METHOD_MATCH = YES;
				COPY_PHASE_STRIP = NO;
				DEBUG_INFORMATION_FORMAT = dwarf;
				ENABLE_STRICT_OBJC_MSGSEND = YES;
				ENABLE_TESTABILITY = YES;
				ENABLE_USER_SCRIPT_SANDBOXING = YES;
				GCC_C_LANGUAGE_STANDARD = gnu17;
				GCC_DYNAMIC_NO_PIC = NO;
				GCC_NO_COMMON_BLOCKS = YES;
				GCC_OPTIMIZATION_LEVEL = 0;
				GCC_PREPROCESSOR_DEFINITIONS = (
					"DEBUG=1",
					"$(inherited)",
				);
				GCC_WARN_64_TO_32_BIT_CONVERSION = YES;
				GCC_WARN_ABOUT_RETURN_TYPE = YES_ERROR;
				GCC_WARN_UNDECLARED_SELECTOR = YES;
				GCC_WARN_UNINITIALIZED_AUTOS = YES_AGGRESSIVE;
				GCC_WARN_UNUSED_FUNCTION = YES;
				GCC_WARN_UNUSED_VARIABLE = YES;
				IPHONEOS_DEPLOYMENT_TARGET = 17.5;
				LOCALIZATION_PREFERS_STRING_CATALOGS = YES;
				MTL_ENABLE_DEBUG_INFO = INCLUDE_SOURCE;
				MTL_FAST_MATH = YES;
				ONLY_ACTIVE_ARCH = YES;
				SDKROOT = iphoneos;
				SWIFT_ACTIVE_COMPILATION_CONDITIONS = "DEBUG $(inherited)";
				SWIFT_OPTIMIZATION_LEVEL = "-Onone";
			};
			name = Debug;
		};
		1543769E2DB3D1A300A2B39B /* Release */ = {
			isa = XCBuildConfiguration;
			buildSettings = {
				ALWAYS_SEARCH_USER_PATHS = NO;
				ASSETCATALOG_COMPILER_GENERATE_SWIFT_ASSET_SYMBOL_EXTENSIONS = YES;
				CLANG_ANALYZER_NONNULL = YES;
				CLANG_ANALYZER_NUMBER_OBJECT_CONVERSION = YES_AGGRESSIVE;
				CLANG_CXX_LANGUAGE_STANDARD = "gnu++20";
				CLANG_ENABLE_MODULES = YES;
				CLANG_ENABLE_OBJC_ARC = YES;
				CLANG_ENABLE_OBJC_WEAK = YES;
				CLANG_WARN_BLOCK_CAPTURE_AUTORELEASING = YES;
				CLANG_WARN_BOOL_CONVERSION = YES;
				CLANG_WARN_COMMA = YES;
				CLANG_WARN_CONSTANT_CONVERSION = YES;
				CLANG_WARN_DEPRECATED_OBJC_IMPLEMENTATIONS = YES;
				CLANG_WARN_DIRECT_OBJC_ISA_USAGE = YES_ERROR;
				CLANG_WARN_DOCUMENTATION_COMMENTS = YES;
				CLANG_WARN_EMPTY_BODY = YES;
				CLANG_WARN_ENUM_CONVERSION = YES;
				CLANG_WARN_INFINITE_RECURSION = YES;
				CLANG_WARN_INT_CONVERSION = YES;
				CLANG_WARN_NON_LITERAL_NULL_CONVERSION = YES;
				CLANG_WARN_OBJC_IMPLICIT_RETAIN_SELF = YES;
				CLANG_WARN_OBJC_LITERAL_CONVERSION = YES;
				CLANG_WARN_OBJC_ROOT_CLASS = YES_ERROR;
				CLANG_WARN_QUOTED_INCLUDE_IN_FRAMEWORK_HEADER = YES;
				CLANG_WARN_RANGE_LOOP_ANALYSIS = YES;
				CLANG_WARN_STRICT_PROTOTYPES = YES;
				CLANG_WARN_SUSPICIOUS_MOVE = YES;
				CLANG_WARN_UNGUARDED_AVAILABILITY = YES_AGGRESSIVE;
				CLANG_WARN_UNREACHABLE_CODE = YES;
				CLANG_WARN__DUPLICATE_METHOD_MATCH = YES;
				COPY_PHASE_STRIP = NO;
				DEBUG_INFORMATION_FORMAT = "dwarf-with-dsym";
				ENABLE_NS_ASSERTIONS = NO;
				ENABLE_STRICT_OBJC_MSGSEND = YES;
				ENABLE_USER_SCRIPT_SANDBOXING = YES;
				GCC_C_LANGUAGE_STANDARD = gnu17;
				GCC_NO_COMMON_BLOCKS = YES;
				GCC_WARN_64_TO_32_BIT_CONVERSION = YES;
				GCC_WARN_ABOUT_RETURN_TYPE = YES_ERROR;
				GCC_WARN_UNDECLARED_SELECTOR = YES;
				GCC_WARN_UNINITIALIZED_AUTOS = YES_AGGRESSIVE;
				GCC_WARN_UNUSED_FUNCTION = YES;
				GCC_WARN_UNUSED_VARIABLE = YES;
				IPHONEOS_DEPLOYMENT_TARGET = 17.5;
				LOCALIZATION_PREFERS_STRING_CATALOGS = YES;
				MTL_ENABLE_DEBUG_INFO = NO;
				MTL_FAST_MATH = YES;
				SDKROOT = iphoneos;
				SWIFT_COMPILATION_MODE = wholemodule;
				VALIDATE_PRODUCT = YES;
			};
			name = Release;
		};
		154376A02DB3D1A300A2B39B /* Debug */ = {
			isa = XCBuildConfiguration;
			buildSettings = {
				ASSETCATALOG_COMPILER_APPICON_NAME = AppIcon;
				ASSETCATALOG_COMPILER_GLOBAL_ACCENT_COLOR_NAME = AccentColor;
				CODE_SIGN_STYLE = Automatic;
				CURRENT_PROJECT_VERSION = 1;
				DEVELOPMENT_TEAM = 88966CQ476;
				GENERATE_INFOPLIST_FILE = YES;
				INFOPLIST_FILE = Arc/Info.plist;
				INFOPLIST_KEY_UIApplicationSupportsIndirectInputEvents = YES;
				INFOPLIST_KEY_UILaunchStoryboardName = LaunchScreen;
				INFOPLIST_KEY_UISupportedInterfaceOrientations_iPad = "UIInterfaceOrientationPortrait UIInterfaceOrientationPortraitUpsideDown UIInterfaceOrientationLandscapeLeft UIInterfaceOrientationLandscapeRight";
				INFOPLIST_KEY_UISupportedInterfaceOrientations_iPhone = "UIInterfaceOrientationPortrait UIInterfaceOrientationLandscapeLeft UIInterfaceOrientationLandscapeRight";
				LD_RUNPATH_SEARCH_PATHS = (
					"$(inherited)",
					"@executable_path/Frameworks",
				);
				MARKETING_VERSION = 1.0;
				PRODUCT_BUNDLE_IDENTIFIER = "ahmed-elgndy.Arc";
				PRODUCT_NAME = "$(TARGET_NAME)";
				SUPPORTED_PLATFORMS = "iphoneos iphonesimulator";
				SUPPORTS_MACCATALYST = NO;
				SUPPORTS_MAC_DESIGNED_FOR_IPHONE_IPAD = NO;
				SUPPORTS_XR_DESIGNED_FOR_IPHONE_IPAD = NO;
				SWIFT_EMIT_LOC_STRINGS = YES;
				SWIFT_VERSION = 5.0;
				TARGETED_DEVICE_FAMILY = 1;
			};
			name = Debug;
		};
		154376A12DB3D1A300A2B39B /* Release */ = {
			isa = XCBuildConfiguration;
			buildSettings = {
				ASSETCATALOG_COMPILER_APPICON_NAME = AppIcon;
				ASSETCATALOG_COMPILER_GLOBAL_ACCENT_COLOR_NAME = AccentColor;
				CODE_SIGN_STYLE = Automatic;
				CURRENT_PROJECT_VERSION = 1;
				DEVELOPMENT_TEAM = 88966CQ476;
				GENERATE_INFOPLIST_FILE = YES;
				INFOPLIST_FILE = Arc/Info.plist;
				INFOPLIST_KEY_UIApplicationSupportsIndirectInputEvents = YES;
				INFOPLIST_KEY_UILaunchStoryboardName = LaunchScreen;
				INFOPLIST_KEY_UISupportedInterfaceOrientations_iPad = "UIInterfaceOrientationPortrait UIInterfaceOrientationPortraitUpsideDown UIInterfaceOrientationLandscapeLeft UIInterfaceOrientationLandscapeRight";
				INFOPLIST_KEY_UISupportedInterfaceOrientations_iPhone = "UIInterfaceOrientationPortrait UIInterfaceOrientationLandscapeLeft UIInterfaceOrientationLandscapeRight";
				LD_RUNPATH_SEARCH_PATHS = (
					"$(inherited)",
					"@executable_path/Frameworks",
				);
				MARKETING_VERSION = 1.0;
				PRODUCT_BUNDLE_IDENTIFIER = "ahmed-elgndy.Arc";
				PRODUCT_NAME = "$(TARGET_NAME)";
				SUPPORTED_PLATFORMS = "iphoneos iphonesimulator";
				SUPPORTS_MACCATALYST = NO;
				SUPPORTS_MAC_DESIGNED_FOR_IPHONE_IPAD = NO;
				SUPPORTS_XR_DESIGNED_FOR_IPHONE_IPAD = NO;
				SWIFT_EMIT_LOC_STRINGS = YES;
				SWIFT_VERSION = 5.0;
				TARGETED_DEVICE_FAMILY = 1;
			};
			name = Release;
		};
/* End XCBuildConfiguration section */

/* Begin XCConfigurationList section */
		154376862DB3D1A100A2B39B /* Build configuration list for PBXProject "Arc" */ = {
			isa = XCConfigurationList;
			buildConfigurations = (
				1543769D2DB3D1A300A2B39B /* Debug */,
				1543769E2DB3D1A300A2B39B /* Release */,
			);
			defaultConfigurationIsVisible = 0;
			defaultConfigurationName = Release;
		};
		1543769F2DB3D1A300A2B39B /* Build configuration list for PBXNativeTarget "Arc" */ = {
			isa = XCConfigurationList;
			buildConfigurations = (
				154376A02DB3D1A300A2B39B /* Debug */,
				154376A12DB3D1A300A2B39B /* Release */,
			);
			defaultConfigurationIsVisible = 0;
			defaultConfigurationName = Release;
		};
/* End XCConfigurationList section */
	};
	rootObject = 154376832DB3D1A100A2B39B /* Project object */;
}
