// !$*UTF8*$!
{
	archiveVersion = 1;
	classes = {
	};
	objectVersion = 56;
	objects = {

/* Begin PBXBuildFile section */
		15024A4F2DBC37EC009D0760 /* Constants.swift in Sources */ = {isa = PBXBuildFile; fileRef = 15024A4E2DBC37EC009D0760 /* Constants.swift */; };
		154285E42DBA9F9D00457B9C /* FavoriteCell.swift in Sources */ = {isa = PBXBuildFile; fileRef = 154285E32DBA9F9D00457B9C /* FavoriteCell.swift */; };
		154285EB2DBAEB9600457B9C /* arc.xcdatamodeld in Sources */ = {isa = PBXBuildFile; fileRef = 154285E92DBAEB9600457B9C /* arc.xcdatamodeld */; };
		154285EE2DBAEBE200457B9C /* Movie+CoreDataClass.swift in Sources */ = {isa = PBXBuildFile; fileRef = 154285EC2DBAEBE200457B9C /* Movie+CoreDataClass.swift */; };
		154285EF2DBAEBE200457B9C /* Movie+CoreDataProperties.swift in Sources */ = {isa = PBXBuildFile; fileRef = 154285ED2DBAEBE200457B9C /* Movie+CoreDataProperties.swift */; };
		154285F12DBAED1700457B9C /* CoreDataManager.swift in Sources */ = {isa = PBXBuildFile; fileRef = 154285F02DBAED1700457B9C /* CoreDataManager.swift */; };
		1543768F2DB3D1A100A2B39B /* AppDelegate.swift in Sources */ = {isa = PBXBuildFile; fileRef = 1543768E2DB3D1A100A2B39B /* AppDelegate.swift */; };
		154376912DB3D1A100A2B39B /* SceneDelegate.swift in Sources */ = {isa = PBXBuildFile; fileRef = 154376902DB3D1A100A2B39B /* SceneDelegate.swift */; };
		154376932DB3D1A100A2B39B /* DiscoverViewController.swift in Sources */ = {isa = PBXBuildFile; fileRef = 154376922DB3D1A100A2B39B /* DiscoverViewController.swift */; };
		154376982DB3D1A300A2B39B /* Assets.xcassets in Resources */ = {isa = PBXBuildFile; fileRef = 154376972DB3D1A300A2B39B /* Assets.xcassets */; };
		154376A52DB3D49800A2B39B /* TabBarController.swift in Sources */ = {isa = PBXBuildFile; fileRef = 154376A42DB3D49800A2B39B /* TabBarController.swift */; };
		154376A82DB3D82B00A2B39B /* FavoritesVC.swift in Sources */ = {isa = PBXBuildFile; fileRef = 154376A72DB3D82B00A2B39B /* FavoritesVC.swift */; };
		154376AA2DB3DB9F00A2B39B /* DiscoverViewController+EXT.swift in Sources */ = {isa = PBXBuildFile; fileRef = 154376A92DB3DB9F00A2B39B /* DiscoverViewController+EXT.swift */; };
		154376AE2DB3DCC300A2B39B /* UIView+EXT.swift in Sources */ = {isa = PBXBuildFile; fileRef = 154376AD2DB3DCC300A2B39B /* UIView+EXT.swift */; };
		154376B32DB3DE2100A2B39B /* MovieCollectionViewCell.swift in Sources */ = {isa = PBXBuildFile; fileRef = 154376B22DB3DE2100A2B39B /* MovieCollectionViewCell.swift */; };
		154376B92DB3E95000A2B39B /* AppLayouts.swift in Sources */ = {isa = PBXBuildFile; fileRef = 154376B82DB3E95000A2B39B /* AppLayouts.swift */; };
		154376BE2DB3FBE500A2B39B /* SeactionHeaderView.swift in Sources */ = {isa = PBXBuildFile; fileRef = 154376BD2DB3FBE500A2B39B /* SeactionHeaderView.swift */; };
		154376C02DB4020800A2B39B /* SectionDecorationView.swift in Sources */ = {isa = PBXBuildFile; fileRef = 154376BF2DB4020800A2B39B /* SectionDecorationView.swift */; };
		154376C22DB424E400A2B39B /* NetworkManager.swift in Sources */ = {isa = PBXBuildFile; fileRef = 154376C12DB424E400A2B39B /* NetworkManager.swift */; };
		154376C52DB4264100A2B39B /* Movie.swift in Sources */ = {isa = PBXBuildFile; fileRef = 154376C42DB4264100A2B39B /* Movie.swift */; };
		154376C82DB434E900A2B39B /* DataloadingViewController.swift in Sources */ = {isa = PBXBuildFile; fileRef = 154376C72DB434E900A2B39B /* DataloadingViewController.swift */; };
		157AC0D52DB69141007409D4 /* MovieBannerSize.swift in Sources */ = {isa = PBXBuildFile; fileRef = 157AC0D42DB69141007409D4 /* MovieBannerSize.swift */; };
		157AC0D72DB69EEE007409D4 /* AlertVC.swift in Sources */ = {isa = PBXBuildFile; fileRef = 157AC0D62DB69EEE007409D4 /* AlertVC.swift */; };
		157AC0DA2DB69F58007409D4 /* TitleLabel.swift in Sources */ = {isa = PBXBuildFile; fileRef = 157AC0D92DB69F58007409D4 /* TitleLabel.swift */; };
		157AC0DD2DB6A00D007409D4 /* ContainerView.swift in Sources */ = {isa = PBXBuildFile; fileRef = 157AC0DC2DB6A00D007409D4 /* ContainerView.swift */; };
		157AC0DF2DB6A04E007409D4 /* BodyLabel.swift in Sources */ = {isa = PBXBuildFile; fileRef = 157AC0DE2DB6A04E007409D4 /* BodyLabel.swift */; };
		157AC0E22DB6A0B0007409D4 /* MainButton.swift in Sources */ = {isa = PBXBuildFile; fileRef = 157AC0E12DB6A0AF007409D4 /* MainButton.swift */; };
		157AC0E52DB6A3C1007409D4 /* ErrorMassages.swift in Sources */ = {isa = PBXBuildFile; fileRef = 157AC0E42DB6A3C1007409D4 /* ErrorMassages.swift */; };
		157AC0E72DB6A47A007409D4 /* UIViewController+EXT.swift in Sources */ = {isa = PBXBuildFile; fileRef = 157AC0E62DB6A47A007409D4 /* UIViewController+EXT.swift */; };
		157AC0ED2DB7CB43007409D4 /* MovieDetilasVC.swift in Sources */ = {isa = PBXBuildFile; fileRef = 157AC0EC2DB7CB43007409D4 /* MovieDetilasVC.swift */; };
		157AC0EF2DB7CD36007409D4 /* BoosterView.swift in Sources */ = {isa = PBXBuildFile; fileRef = 157AC0EE2DB7CD36007409D4 /* BoosterView.swift */; };
		157AC0F12DB7D5E0007409D4 /* UImage+EXT.swift in Sources */ = {isa = PBXBuildFile; fileRef = 157AC0F02DB7D5E0007409D4 /* UImage+EXT.swift */; };
		157AC0F62DB7E59D007409D4 /* MovieHeaderView.swift in Sources */ = {isa = PBXBuildFile; fileRef = 157AC0F52DB7E59D007409D4 /* MovieHeaderView.swift */; };
		157AC0F82DB7F121007409D4 /* MovieCategoriesView.swift in Sources */ = {isa = PBXBuildFile; fileRef = 157AC0F72DB7F121007409D4 /* MovieCategoriesView.swift */; };
		157AC0FE2DB849E6007409D4 /* SFSymbolImageView.swift in Sources */ = {isa = PBXBuildFile; fileRef = 157AC0FD2DB849E6007409D4 /* SFSymbolImageView.swift */; };
		157AC1002DB866C6007409D4 /* borderTitleLabel.swift in Sources */ = {isa = PBXBuildFile; fileRef = 157AC0FF2DB866C6007409D4 /* borderTitleLabel.swift */; };
		157AC1062DB86F60007409D4 /* TrailerPlayerView.swift in Sources */ = {isa = PBXBuildFile; fileRef = 157AC1052DB86F60007409D4 /* TrailerPlayerView.swift */; };
		157AC1082DB927EF007409D4 /* castView.swift in Sources */ = {isa = PBXBuildFile; fileRef = 157AC1072DB927EF007409D4 /* castView.swift */; };
		157AC10A2DB928F4007409D4 /* ActorCell.swift in Sources */ = {isa = PBXBuildFile; fileRef = 157AC1092DB928F4007409D4 /* ActorCell.swift */; };
		157AC10C2DB929CF007409D4 /* MovieCastResponse.swift in Sources */ = {isa = PBXBuildFile; fileRef = 157AC10B2DB929CF007409D4 /* MovieCastResponse.swift */; };
		157AC10E2DB933C2007409D4 /* ActorImageView.swift in Sources */ = {isa = PBXBuildFile; fileRef = 157AC10D2DB933C2007409D4 /* ActorImageView.swift */; };
		157AC1112DB937DD007409D4 /* UiHelper.swift in Sources */ = {isa = PBXBuildFile; fileRef = 157AC1102DB937DD007409D4 /* UiHelper.swift */; };
/* End PBXBuildFile section */

/* Begin PBXFileReference section */
		15024A4E2DBC37EC009D0760 /* Constants.swift */ = {isa = PBXFileReference; lastKnownFileType = sourcecode.swift; path = Constants.swift; sourceTree = "<group>"; };
		154285E32DBA9F9D00457B9C /* FavoriteCell.swift */ = {isa = PBXFileReference; lastKnownFileType = sourcecode.swift; path = FavoriteCell.swift; sourceTree = "<group>"; };
		154285EA2DBAEB9600457B9C /* Model.xcdatamodel */ = {isa = PBXFileReference; lastKnownFileType = wrapper.xcdatamodel; path = Model.xcdatamodel; sourceTree = "<group>"; };
		154285EC2DBAEBE200457B9C /* Movie+CoreDataClass.swift */ = {isa = PBXFileReference; lastKnownFileType = sourcecode.swift; path = "Movie+CoreDataClass.swift"; sourceTree = "<group>"; };
		154285ED2DBAEBE200457B9C /* Movie+CoreDataProperties.swift */ = {isa = PBXFileReference; lastKnownFileType = sourcecode.swift; path = "Movie+CoreDataProperties.swift"; sourceTree = "<group>"; };
		154285F02DBAED1700457B9C /* CoreDataManager.swift */ = {isa = PBXFileReference; lastKnownFileType = sourcecode.swift; path = CoreDataManager.swift; sourceTree = "<group>"; };
		1543768B2DB3D1A100A2B39B /* Arc.app */ = {isa = PBXFileReference; explicitFileType = wrapper.application; includeInIndex = 0; path = Arc.app; sourceTree = BUILT_PRODUCTS_DIR; };
		1543768E2DB3D1A100A2B39B /* AppDelegate.swift */ = {isa = PBXFileReference; lastKnownFileType = sourcecode.swift; path = AppDelegate.swift; sourceTree = "<group>"; };
		154376902DB3D1A100A2B39B /* SceneDelegate.swift */ = {isa = PBXFileReference; lastKnownFileType = sourcecode.swift; path = SceneDelegate.swift; sourceTree = "<group>"; };
		154376922DB3D1A100A2B39B /* DiscoverViewController.swift */ = {isa = PBXFileReference; lastKnownFileType = sourcecode.swift; path = DiscoverViewController.swift; sourceTree = "<group>"; };
		154376972DB3D1A300A2B39B /* Assets.xcassets */ = {isa = PBXFileReference; lastKnownFileType = folder.assetcatalog; path = Assets.xcassets; sourceTree = "<group>"; };
		1543769C2DB3D1A300A2B39B /* Info.plist */ = {isa = PBXFileReference; lastKnownFileType = text.plist.xml; path = Info.plist; sourceTree = "<group>"; };
		154376A42DB3D49800A2B39B /* TabBarController.swift */ = {isa = PBXFileReference; lastKnownFileType = sourcecode.swift; path = TabBarController.swift; sourceTree = "<group>"; };
		154376A72DB3D82B00A2B39B /* FavoritesVC.swift */ = {isa = PBXFileReference; lastKnownFileType = sourcecode.swift; path = FavoritesVC.swift; sourceTree = "<group>"; };
		154376A92DB3DB9F00A2B39B /* DiscoverViewController+EXT.swift */ = {isa = PBXFileReference; lastKnownFileType = sourcecode.swift; path = "DiscoverViewController+EXT.swift"; sourceTree = "<group>"; };
		154376AD2DB3DCC300A2B39B /* UIView+EXT.swift */ = {isa = PBXFileReference; lastKnownFileType = sourcecode.swift; path = "UIView+EXT.swift"; sourceTree = "<group>"; };
		154376B22DB3DE2100A2B39B /* MovieCollectionViewCell.swift */ = {isa = PBXFileReference; lastKnownFileType = sourcecode.swift; path = MovieCollectionViewCell.swift; sourceTree = "<group>"; };
		154376B82DB3E95000A2B39B /* AppLayouts.swift */ = {isa = PBXFileReference; lastKnownFileType = sourcecode.swift; path = AppLayouts.swift; sourceTree = "<group>"; };
		154376BD2DB3FBE500A2B39B /* SeactionHeaderView.swift */ = {isa = PBXFileReference; lastKnownFileType = sourcecode.swift; path = SeactionHeaderView.swift; sourceTree = "<group>"; };
		154376BF2DB4020800A2B39B /* SectionDecorationView.swift */ = {isa = PBXFileReference; lastKnownFileType = sourcecode.swift; path = SectionDecorationView.swift; sourceTree = "<group>"; };
		154376C12DB424E400A2B39B /* NetworkManager.swift */ = {isa = PBXFileReference; lastKnownFileType = sourcecode.swift; path = NetworkManager.swift; sourceTree = "<group>"; };
		154376C42DB4264100A2B39B /* Movie.swift */ = {isa = PBXFileReference; lastKnownFileType = sourcecode.swift; path = Movie.swift; sourceTree = "<group>"; };
		154376C72DB434E900A2B39B /* DataloadingViewController.swift */ = {isa = PBXFileReference; lastKnownFileType = sourcecode.swift; path = DataloadingViewController.swift; sourceTree = "<group>"; };
		157AC0D42DB69141007409D4 /* MovieBannerSize.swift */ = {isa = PBXFileReference; lastKnownFileType = sourcecode.swift; path = MovieBannerSize.swift; sourceTree = "<group>"; };
		157AC0D62DB69EEE007409D4 /* AlertVC.swift */ = {isa = PBXFileReference; lastKnownFileType = sourcecode.swift; path = AlertVC.swift; sourceTree = "<group>"; };
		157AC0D92DB69F58007409D4 /* TitleLabel.swift */ = {isa = PBXFileReference; lastKnownFileType = sourcecode.swift; path = TitleLabel.swift; sourceTree = "<group>"; };
		157AC0DC2DB6A00D007409D4 /* ContainerView.swift */ = {isa = PBXFileReference; lastKnownFileType = sourcecode.swift; path = ContainerView.swift; sourceTree = "<group>"; };
		157AC0DE2DB6A04E007409D4 /* BodyLabel.swift */ = {isa = PBXFileReference; lastKnownFileType = sourcecode.swift; path = BodyLabel.swift; sourceTree = "<group>"; };
		157AC0E12DB6A0AF007409D4 /* MainButton.swift */ = {isa = PBXFileReference; lastKnownFileType = sourcecode.swift; path = MainButton.swift; sourceTree = "<group>"; };
		157AC0E42DB6A3C1007409D4 /* ErrorMassages.swift */ = {isa = PBXFileReference; lastKnownFileType = sourcecode.swift; path = ErrorMassages.swift; sourceTree = "<group>"; };
		157AC0E62DB6A47A007409D4 /* UIViewController+EXT.swift */ = {isa = PBXFileReference; lastKnownFileType = sourcecode.swift; path = "UIViewController+EXT.swift"; sourceTree = "<group>"; };
		157AC0EC2DB7CB43007409D4 /* MovieDetilasVC.swift */ = {isa = PBXFileReference; lastKnownFileType = sourcecode.swift; path = MovieDetilasVC.swift; sourceTree = "<group>"; };
		157AC0EE2DB7CD36007409D4 /* BoosterView.swift */ = {isa = PBXFileReference; lastKnownFileType = sourcecode.swift; path = BoosterView.swift; sourceTree = "<group>"; };
		157AC0F02DB7D5E0007409D4 /* UImage+EXT.swift */ = {isa = PBXFileReference; lastKnownFileType = sourcecode.swift; path = "UImage+EXT.swift"; sourceTree = "<group>"; };
		157AC0F52DB7E59D007409D4 /* MovieHeaderView.swift */ = {isa = PBXFileReference; lastKnownFileType = sourcecode.swift; path = MovieHeaderView.swift; sourceTree = "<group>"; };
		157AC0F72DB7F121007409D4 /* MovieCategoriesView.swift */ = {isa = PBXFileReference; lastKnownFileType = sourcecode.swift; path = MovieCategoriesView.swift; sourceTree = "<group>"; };
		157AC0FD2DB849E6007409D4 /* SFSymbolImageView.swift */ = {isa = PBXFileReference; lastKnownFileType = sourcecode.swift; path = SFSymbolImageView.swift; sourceTree = "<group>"; };
		157AC0FF2DB866C6007409D4 /* borderTitleLabel.swift */ = {isa = PBXFileReference; lastKnownFileType = sourcecode.swift; path = borderTitleLabel.swift; sourceTree = "<group>"; };
		157AC1052DB86F60007409D4 /* TrailerPlayerView.swift */ = {isa = PBXFileReference; lastKnownFileType = sourcecode.swift; path = TrailerPlayerView.swift; sourceTree = "<group>"; };
		157AC1072DB927EF007409D4 /* castView.swift */ = {isa = PBXFileReference; lastKnownFileType = sourcecode.swift; path = castView.swift; sourceTree = "<group>"; };
		157AC1092DB928F4007409D4 /* ActorCell.swift */ = {isa = PBXFileReference; lastKnownFileType = sourcecode.swift; path = ActorCell.swift; sourceTree = "<group>"; };
		157AC10B2DB929CF007409D4 /* MovieCastResponse.swift */ = {isa = PBXFileReference; lastKnownFileType = sourcecode.swift; path = MovieCastResponse.swift; sourceTree = "<group>"; };
		157AC10D2DB933C2007409D4 /* ActorImageView.swift */ = {isa = PBXFileReference; lastKnownFileType = sourcecode.swift; path = ActorImageView.swift; sourceTree = "<group>"; };
		157AC1102DB937DD007409D4 /* UiHelper.swift */ = {isa = PBXFileReference; lastKnownFileType = sourcecode.swift; path = UiHelper.swift; sourceTree = "<group>"; };
/* End PBXFileReference section */

/* Begin PBXFrameworksBuildPhase section */
		154376882DB3D1A100A2B39B /* Frameworks */ = {
			isa = PBXFrameworksBuildPhase;
			buildActionMask = 2147483647;
			files = (
			);
			runOnlyForDeploymentPostprocessing = 0;
		};
/* End PBXFrameworksBuildPhase section */

/* Begin PBXGroup section */
		154285DF2DBA81D100457B9C /* Support */ = {
			isa = PBXGroup;
			children = (
				1543768E2DB3D1A100A2B39B /* AppDelegate.swift */,
				154376902DB3D1A100A2B39B /* SceneDelegate.swift */,
				154376972DB3D1A300A2B39B /* Assets.xcassets */,
			);
			path = Support;
			sourceTree = "<group>";
		};
		154285E02DBA825000457B9C /* Discover Screen */ = {
			isa = PBXGroup;
			children = (
				154376922DB3D1A100A2B39B /* DiscoverViewController.swift */,
				154376A92DB3DB9F00A2B39B /* DiscoverViewController+EXT.swift */,
			);
			path = "Discover Screen";
			sourceTree = "<group>";
		};
		154285E12DBA826500457B9C /* Favorite Screen */ = {
			isa = PBXGroup;
			children = (
				154285E52DBADFBE00457B9C /* ControllerView */,
				154285E22DBA9F7C00457B9C /* View */,
			);
			path = "Favorite Screen";
			sourceTree = "<group>";
		};
		154285E22DBA9F7C00457B9C /* View */ = {
			isa = PBXGroup;
			children = (
				154285E32DBA9F9D00457B9C /* FavoriteCell.swift */,
			);
			path = View;
			sourceTree = "<group>";
		};
		154285E52DBADFBE00457B9C /* ControllerView */ = {
			isa = PBXGroup;
			children = (
				154376A72DB3D82B00A2B39B /* FavoritesVC.swift */,
			);
			path = ControllerView;
			sourceTree = "<group>";
		};
		154376822DB3D1A100A2B39B = {
			isa = PBXGroup;
			children = (
				1543768D2DB3D1A100A2B39B /* Arc */,
				1543768C2DB3D1A100A2B39B /* Products */,
			);
			sourceTree = "<group>";
		};
		1543768C2DB3D1A100A2B39B /* Products */ = {
			isa = PBXGroup;
			children = (
				1543768B2DB3D1A100A2B39B /* Arc.app */,
			);
			name = Products;
			sourceTree = "<group>";
		};
		1543768D2DB3D1A100A2B39B /* Arc */ = {
			isa = PBXGroup;
			children = (
				154376AB2DB3DCA700A2B39B /* EXtensions */,
				157AC0E32DB6A38F007409D4 /* UItilities */,
				154376B42DB3E2A200A2B39B /* Model */,
				154376C32DB4261800A2B39B /* Managers */,
				154376AF2DB3DDC400A2B39B /* Custom Views */,
				154376A62DB3D81300A2B39B /* Screens */,
				154285DF2DBA81D100457B9C /* Support */,
				1543769C2DB3D1A300A2B39B /* Info.plist */,
				154285E92DBAEB9600457B9C /* arc.xcdatamodeld */,
				154285ED2DBAEBE200457B9C /* Movie+CoreDataProperties.swift */,
				154285EC2DBAEBE200457B9C /* Movie+CoreDataClass.swift */,
			);
			path = Arc;
			sourceTree = "<group>";
		};
		154376A32DB3D44200A2B39B /* TabBarConrollers */ = {
			isa = PBXGroup;
			children = (
				154376A42DB3D49800A2B39B /* TabBarController.swift */,
			);
			path = TabBarConrollers;
			sourceTree = "<group>";
		};
		154376A62DB3D81300A2B39B /* Screens */ = {
			isa = PBXGroup;
			children = (
				154285E12DBA826500457B9C /* Favorite Screen */,
				154285E02DBA825000457B9C /* Discover Screen */,
				157AC0F22DB7E462007409D4 /* Movie Detilas  Screen */,
			);
			path = Screens;
			sourceTree = "<group>";
		};
		154376AB2DB3DCA700A2B39B /* EXtensions */ = {
			isa = PBXGroup;
			children = (
				154376AD2DB3DCC300A2B39B /* UIView+EXT.swift */,
				157AC0E62DB6A47A007409D4 /* UIViewController+EXT.swift */,
				157AC0F02DB7D5E0007409D4 /* UImage+EXT.swift */,
			);
			path = EXtensions;
			sourceTree = "<group>";
		};
		154376AF2DB3DDC400A2B39B /* Custom Views */ = {
			isa = PBXGroup;
			children = (
				157AC0FC2DB8496F007409D4 /* imageViews */,
				154376A32DB3D44200A2B39B /* TabBarConrollers */,
				157AC0E02DB6A09E007409D4 /* Buttons */,
				157AC0DB2DB69FEB007409D4 /* Views */,
				157AC0D82DB69F43007409D4 /* Labels */,
				154376C62DB434A800A2B39B /* ViewControllers */,
				154376BA2DB3FB3900A2B39B /* Supplementary Views */,
				154376B12DB3DDD100A2B39B /* Cells */,
			);
			path = "Custom Views";
			sourceTree = "<group>";
		};
		154376B12DB3DDD100A2B39B /* Cells */ = {
			isa = PBXGroup;
			children = (
				154376B22DB3DE2100A2B39B /* MovieCollectionViewCell.swift */,
			);
			path = Cells;
			sourceTree = "<group>";
		};
		154376B42DB3E2A200A2B39B /* Model */ = {
			isa = PBXGroup;
			children = (
				154376B82DB3E95000A2B39B /* AppLayouts.swift */,
				154376C42DB4264100A2B39B /* Movie.swift */,
				157AC10B2DB929CF007409D4 /* MovieCastResponse.swift */,
			);
			path = Model;
			sourceTree = "<group>";
		};
		154376BA2DB3FB3900A2B39B /* Supplementary Views */ = {
			isa = PBXGroup;
			children = (
				154376BD2DB3FBE500A2B39B /* SeactionHeaderView.swift */,
				154376BF2DB4020800A2B39B /* SectionDecorationView.swift */,
			);
			path = "Supplementary Views";
			sourceTree = "<group>";
		};
		154376C32DB4261800A2B39B /* Managers */ = {
			isa = PBXGroup;
			children = (
				154376C12DB424E400A2B39B /* NetworkManager.swift */,
				154285F02DBAED1700457B9C /* CoreDataManager.swift */,
			);
			path = Managers;
			sourceTree = "<group>";
		};
		154376C62DB434A800A2B39B /* ViewControllers */ = {
			isa = PBXGroup;
			children = (
				157AC0D62DB69EEE007409D4 /* AlertVC.swift */,
				154376C72DB434E900A2B39B /* DataloadingViewController.swift */,
			);
			path = ViewControllers;
			sourceTree = "<group>";
		};
		157AC0D32DB69117007409D4 /* Enums */ = {
			isa = PBXGroup;
			children = (
				157AC0D42DB69141007409D4 /* MovieBannerSize.swift */,
			);
			path = Enums;
			sourceTree = "<group>";
		};
		157AC0D82DB69F43007409D4 /* Labels */ = {
			isa = PBXGroup;
			children = (
				157AC0D92DB69F58007409D4 /* TitleLabel.swift */,
				157AC0DE2DB6A04E007409D4 /* BodyLabel.swift */,
				157AC0FF2DB866C6007409D4 /* borderTitleLabel.swift */,
			);
			path = Labels;
			sourceTree = "<group>";
		};
		157AC0DB2DB69FEB007409D4 /* Views */ = {
			isa = PBXGroup;
			children = (
				157AC0DC2DB6A00D007409D4 /* ContainerView.swift */,
			);
			path = Views;
			sourceTree = "<group>";
		};
		157AC0E02DB6A09E007409D4 /* Buttons */ = {
			isa = PBXGroup;
			children = (
				157AC0E12DB6A0AF007409D4 /* MainButton.swift */,
			);
			path = Buttons;
			sourceTree = "<group>";
		};
		157AC0E32DB6A38F007409D4 /* UItilities */ = {
			isa = PBXGroup;
			children = (
				157AC10F2DB937C4007409D4 /* Helper */,
				157AC0D32DB69117007409D4 /* Enums */,
				157AC0E42DB6A3C1007409D4 /* ErrorMassages.swift */,
				15024A4E2DBC37EC009D0760 /* Constants.swift */,
			);
			path = UItilities;
			sourceTree = "<group>";
		};
		157AC0F22DB7E462007409D4 /* Movie Detilas  Screen */ = {
			isa = PBXGroup;
			children = (
				157AC0F42DB7E476007409D4 /* views */,
				157AC0F32DB7E470007409D4 /* controller */,
			);
			path = "Movie Detilas  Screen";
			sourceTree = "<group>";
		};
		157AC0F32DB7E470007409D4 /* controller */ = {
			isa = PBXGroup;
			children = (
				157AC0EC2DB7CB43007409D4 /* MovieDetilasVC.swift */,
			);
			path = controller;
			sourceTree = "<group>";
		};
		157AC0F42DB7E476007409D4 /* views */ = {
			isa = PBXGroup;
			children = (
				157AC0EE2DB7CD36007409D4 /* BoosterView.swift */,
				157AC0F52DB7E59D007409D4 /* MovieHeaderView.swift */,
				157AC0F72DB7F121007409D4 /* MovieCategoriesView.swift */,
				157AC1052DB86F60007409D4 /* TrailerPlayerView.swift */,
				157AC1072DB927EF007409D4 /* castView.swift */,
				157AC1092DB928F4007409D4 /* ActorCell.swift */,
				157AC10D2DB933C2007409D4 /* ActorImageView.swift */,
			);
			path = views;
			sourceTree = "<group>";
		};
		157AC0FC2DB8496F007409D4 /* imageViews */ = {
			isa = PBXGroup;
			children = (
				157AC0FD2DB849E6007409D4 /* SFSymbolImageView.swift */,
			);
			path = imageViews;
			sourceTree = "<group>";
		};
		157AC10F2DB937C4007409D4 /* Helper */ = {
			isa = PBXGroup;
			children = (
				157AC1102DB937DD007409D4 /* UiHelper.swift */,
			);
			path = Helper;
			sourceTree = "<group>";
		};
/* End PBXGroup section */

/* Begin PBXNativeTarget section */
		1543768A2DB3D1A100A2B39B /* Arc */ = {
			isa = PBXNativeTarget;
			buildConfigurationList = 1543769F2DB3D1A300A2B39B /* Build configuration list for PBXNativeTarget "Arc" */;
			buildPhases = (
				154376872DB3D1A100A2B39B /* Sources */,
				154376882DB3D1A100A2B39B /* Frameworks */,
				154376892DB3D1A100A2B39B /* Resources */,
			);
			buildRules = (
			);
			dependencies = (
			);
			name = Arc;
			productName = Arc;
			productReference = 1543768B2DB3D1A100A2B39B /* Arc.app */;
			productType = "com.apple.product-type.application";
		};
/* End PBXNativeTarget section */

/* Begin PBXProject section */
		154376832DB3D1A100A2B39B /* Project object */ = {
			isa = PBXProject;
			attributes = {
				BuildIndependentTargetsInParallel = 1;
				LastSwiftUpdateCheck = 1540;
				LastUpgradeCheck = 1540;
				TargetAttributes = {
					1543768A2DB3D1A100A2B39B = {
						CreatedOnToolsVersion = 15.4;
					};
				};
			};
			buildConfigurationList = 154376862DB3D1A100A2B39B /* Build configuration list for PBXProject "Arc" */;
			compatibilityVersion = "Xcode 14.0";
			developmentRegion = en;
			hasScannedForEncodings = 0;
			knownRegions = (
				en,
				Base,
			);
			mainGroup = 154376822DB3D1A100A2B39B;
			productRefGroup = 1543768C2DB3D1A100A2B39B /* Products */;
			projectDirPath = "";
			projectRoot = "";
			targets = (
				1543768A2DB3D1A100A2B39B /* Arc */,
			);
		};
/* End PBXProject section */

/* Begin PBXResourcesBuildPhase section */
		154376892DB3D1A100A2B39B /* Resources */ = {
			isa = PBXResourcesBuildPhase;
			buildActionMask = 2147483647;
			files = (
				154376982DB3D1A300A2B39B /* Assets.xcassets in Resources */,
			);
			runOnlyForDeploymentPostprocessing = 0;
		};
/* End PBXResourcesBuildPhase section */

/* Begin PBXSourcesBuildPhase section */
		154376872DB3D1A100A2B39B /* Sources */ = {
			isa = PBXSourcesBuildPhase;
			buildActionMask = 2147483647;
			files = (
				157AC10C2DB929CF007409D4 /* MovieCastResponse.swift in Sources */,
				154376C52DB4264100A2B39B /* Movie.swift in Sources */,
				154285EE2DBAEBE200457B9C /* Movie+CoreDataClass.swift in Sources */,
				154285EF2DBAEBE200457B9C /* Movie+CoreDataProperties.swift in Sources */,
				157AC0D52DB69141007409D4 /* MovieBannerSize.swift in Sources */,
				157AC1112DB937DD007409D4 /* UiHelper.swift in Sources */,
				154376932DB3D1A100A2B39B /* DiscoverViewController.swift in Sources */,
				1543768F2DB3D1A100A2B39B /* AppDelegate.swift in Sources */,
				154376C02DB4020800A2B39B /* SectionDecorationView.swift in Sources */,
				157AC1002DB866C6007409D4 /* borderTitleLabel.swift in Sources */,
				154376AE2DB3DCC300A2B39B /* UIView+EXT.swift in Sources */,
				157AC0E22DB6A0B0007409D4 /* MainButton.swift in Sources */,
				157AC0E72DB6A47A007409D4 /* UIViewController+EXT.swift in Sources */,
				154376A52DB3D49800A2B39B /* TabBarController.swift in Sources */,
				157AC0FE2DB849E6007409D4 /* SFSymbolImageView.swift in Sources */,
				154376B32DB3DE2100A2B39B /* MovieCollectionViewCell.swift in Sources */,
				154376A82DB3D82B00A2B39B /* FavoritesVC.swift in Sources */,
				154376BE2DB3FBE500A2B39B /* SeactionHeaderView.swift in Sources */,
				154285EB2DBAEB9600457B9C /* arc.xcdatamodeld in Sources */,
				157AC1082DB927EF007409D4 /* castView.swift in Sources */,
				157AC10A2DB928F4007409D4 /* ActorCell.swift in Sources */,
				157AC0F62DB7E59D007409D4 /* MovieHeaderView.swift in Sources */,
				154285F12DBAED1700457B9C /* CoreDataManager.swift in Sources */,
				157AC0D72DB69EEE007409D4 /* AlertVC.swift in Sources */,
				15024A4F2DBC37EC009D0760 /* Constants.swift in Sources */,
				157AC1062DB86F60007409D4 /* TrailerPlayerView.swift in Sources */,
				157AC0EF2DB7CD36007409D4 /* BoosterView.swift in Sources */,
				157AC0DF2DB6A04E007409D4 /* BodyLabel.swift in Sources */,
				154376AA2DB3DB9F00A2B39B /* DiscoverViewController+EXT.swift in Sources */,
				157AC0DD2DB6A00D007409D4 /* ContainerView.swift in Sources */,
				154376C22DB424E400A2B39B /* NetworkManager.swift in Sources */,
				157AC0F12DB7D5E0007409D4 /* UImage+EXT.swift in Sources */,
				154376C82DB434E900A2B39B /* DataloadingViewController.swift in Sources */,
				157AC0E52DB6A3C1007409D4 /* ErrorMassages.swift in Sources */,
				157AC0DA2DB69F58007409D4 /* TitleLabel.swift in Sources */,
				154285E42DBA9F9D00457B9C /* FavoriteCell.swift in Sources */,
				154376912DB3D1A100A2B39B /* SceneDelegate.swift in Sources */,
				157AC0F82DB7F121007409D4 /* MovieCategoriesView.swift in Sources */,
				157AC0ED2DB7CB43007409D4 /* MovieDetilasVC.swift in Sources */,
				157AC10E2DB933C2007409D4 /* ActorImageView.swift in Sources */,
				154376B92DB3E95000A2B39B /* AppLayouts.swift in Sources */,
			);
			runOnlyForDeploymentPostprocessing = 0;
		};
/* End PBXSourcesBuildPhase section */

/* Begin XCBuildConfiguration section */
		1543769D2DB3D1A300A2B39B /* Debug */ = {
			isa = XCBuildConfiguration;
			buildSettings = {
				ALWAYS_SEARCH_USER_PATHS = NO;
				ASSETCATALOG_COMPILER_GENERATE_SWIFT_ASSET_SYMBOL_EXTENSIONS = YES;
				CLANG_ANALYZER_NONNULL = YES;
				CLANG_ANALYZER_NUMBER_OBJECT_CONVERSION = YES_AGGRESSIVE;
				CLANG_CXX_LANGUAGE_STANDARD = "gnu++20";
				CLANG_ENABLE_MODULES = YES;
				CLANG_ENABLE_OBJC_ARC = YES;
				CLANG_ENABLE_OBJC_WEAK = YES;
				CLANG_WARN_BLOCK_CAPTURE_AUTORELEASING = YES;
				CLANG_WARN_BOOL_CONVERSION = YES;
				CLANG_WARN_COMMA = YES;
				CLANG_WARN_CONSTANT_CONVERSION = YES;
				CLANG_WARN_DEPRECATED_OBJC_IMPLEMENTATIONS = YES;
				CLANG_WARN_DIRECT_OBJC_ISA_USAGE = YES_ERROR;
				CLANG_WARN_DOCUMENTATION_COMMENTS = YES;
				CLANG_WARN_EMPTY_BODY = YES;
				CLANG_WARN_ENUM_CONVERSION = YES;
				CLANG_WARN_INFINITE_RECURSION = YES;
				CLANG_WARN_INT_CONVERSION = YES;
				CLANG_WARN_NON_LITERAL_NULL_CONVERSION = YES;
				CLANG_WARN_OBJC_IMPLICIT_RETAIN_SELF = YES;
				CLANG_WARN_OBJC_LITERAL_CONVERSION = YES;
				CLANG_WARN_OBJC_ROOT_CLASS = YES_ERROR;
				CLANG_WARN_QUOTED_INCLUDE_IN_FRAMEWORK_HEADER = YES;
				CLANG_WARN_RANGE_LOOP_ANALYSIS = YES;
				CLANG_WARN_STRICT_PROTOTYPES = YES;
				CLANG_WARN_SUSPICIOUS_MOVE = YES;
				CLANG_WARN_UNGUARDED_AVAILABILITY = YES_AGGRESSIVE;
				CLANG_WARN_UNREACHABLE_CODE = YES;
				CLANG_WARN__DUPLICATE_METHOD_MATCH = YES;
				COPY_PHASE_STRIP = NO;
				DEBUG_INFORMATION_FORMAT = dwarf;
				ENABLE_STRICT_OBJC_MSGSEND = YES;
				ENABLE_TESTABILITY = YES;
				ENABLE_USER_SCRIPT_SANDBOXING = YES;
				GCC_C_LANGUAGE_STANDARD = gnu17;
				GCC_DYNAMIC_NO_PIC = NO;
				GCC_NO_COMMON_BLOCKS = YES;
				GCC_OPTIMIZATION_LEVEL = 0;
				GCC_PREPROCESSOR_DEFINITIONS = (
					"DEBUG=1",
					"$(inherited)",
				);
				GCC_WARN_64_TO_32_BIT_CONVERSION = YES;
				GCC_WARN_ABOUT_RETURN_TYPE = YES_ERROR;
				GCC_WARN_UNDECLARED_SELECTOR = YES;
				GCC_WARN_UNINITIALIZED_AUTOS = YES_AGGRESSIVE;
				GCC_WARN_UNUSED_FUNCTION = YES;
				GCC_WARN_UNUSED_VARIABLE = YES;
				IPHONEOS_DEPLOYMENT_TARGET = 17.5;
				LOCALIZATION_PREFERS_STRING_CATALOGS = YES;
				MTL_ENABLE_DEBUG_INFO = INCLUDE_SOURCE;
				MTL_FAST_MATH = YES;
				ONLY_ACTIVE_ARCH = YES;
				SDKROOT = iphoneos;
				SWIFT_ACTIVE_COMPILATION_CONDITIONS = "DEBUG $(inherited)";
				SWIFT_OPTIMIZATION_LEVEL = "-Onone";
			};
			name = Debug;
		};
		1543769E2DB3D1A300A2B39B /* Release */ = {
			isa = XCBuildConfiguration;
			buildSettings = {
				ALWAYS_SEARCH_USER_PATHS = NO;
				ASSETCATALOG_COMPILER_GENERATE_SWIFT_ASSET_SYMBOL_EXTENSIONS = YES;
				CLANG_ANALYZER_NONNULL = YES;
				CLANG_ANALYZER_NUMBER_OBJECT_CONVERSION = YES_AGGRESSIVE;
				CLANG_CXX_LANGUAGE_STANDARD = "gnu++20";
				CLANG_ENABLE_MODULES = YES;
				CLANG_ENABLE_OBJC_ARC = YES;
				CLANG_ENABLE_OBJC_WEAK = YES;
				CLANG_WARN_BLOCK_CAPTURE_AUTORELEASING = YES;
				CLANG_WARN_BOOL_CONVERSION = YES;
				CLANG_WARN_COMMA = YES;
				CLANG_WARN_CONSTANT_CONVERSION = YES;
				CLANG_WARN_DEPRECATED_OBJC_IMPLEMENTATIONS = YES;
				CLANG_WARN_DIRECT_OBJC_ISA_USAGE = YES_ERROR;
				CLANG_WARN_DOCUMENTATION_COMMENTS = YES;
				CLANG_WARN_EMPTY_BODY = YES;
				CLANG_WARN_ENUM_CONVERSION = YES;
				CLANG_WARN_INFINITE_RECURSION = YES;
				CLANG_WARN_INT_CONVERSION = YES;
				CLANG_WARN_NON_LITERAL_NULL_CONVERSION = YES;
				CLANG_WARN_OBJC_IMPLICIT_RETAIN_SELF = YES;
				CLANG_WARN_OBJC_LITERAL_CONVERSION = YES;
				CLANG_WARN_OBJC_ROOT_CLASS = YES_ERROR;
				CLANG_WARN_QUOTED_INCLUDE_IN_FRAMEWORK_HEADER = YES;
				CLANG_WARN_RANGE_LOOP_ANALYSIS = YES;
				CLANG_WARN_STRICT_PROTOTYPES = YES;
				CLANG_WARN_SUSPICIOUS_MOVE = YES;
				CLANG_WARN_UNGUARDED_AVAILABILITY = YES_AGGRESSIVE;
				CLANG_WARN_UNREACHABLE_CODE = YES;
				CLANG_WARN__DUPLICATE_METHOD_MATCH = YES;
				COPY_PHASE_STRIP = NO;
				DEBUG_INFORMATION_FORMAT = "dwarf-with-dsym";
				ENABLE_NS_ASSERTIONS = NO;
				ENABLE_STRICT_OBJC_MSGSEND = YES;
				ENABLE_USER_SCRIPT_SANDBOXING = YES;
				GCC_C_LANGUAGE_STANDARD = gnu17;
				GCC_NO_COMMON_BLOCKS = YES;
				GCC_WARN_64_TO_32_BIT_CONVERSION = YES;
				GCC_WARN_ABOUT_RETURN_TYPE = YES_ERROR;
				GCC_WARN_UNDECLARED_SELECTOR = YES;
				GCC_WARN_UNINITIALIZED_AUTOS = YES_AGGRESSIVE;
				GCC_WARN_UNUSED_FUNCTION = YES;
				GCC_WARN_UNUSED_VARIABLE = YES;
				IPHONEOS_DEPLOYMENT_TARGET = 17.5;
				LOCALIZATION_PREFERS_STRING_CATALOGS = YES;
				MTL_ENABLE_DEBUG_INFO = NO;
				MTL_FAST_MATH = YES;
				SDKROOT = iphoneos;
				SWIFT_COMPILATION_MODE = wholemodule;
				VALIDATE_PRODUCT = YES;
			};
			name = Release;
		};
		154376A02DB3D1A300A2B39B /* Debug */ = {
			isa = XCBuildConfiguration;
			buildSettings = {
				ASSETCATALOG_COMPILER_APPICON_NAME = AppIcon;
				ASSETCATALOG_COMPILER_GLOBAL_ACCENT_COLOR_NAME = AccentColor;
				CODE_SIGN_STYLE = Automatic;
				CURRENT_PROJECT_VERSION = 1;
				DEVELOPMENT_TEAM = 88966CQ476;
				GENERATE_INFOPLIST_FILE = YES;
				INFOPLIST_FILE = Arc/Info.plist;
				INFOPLIST_KEY_UIApplicationSupportsIndirectInputEvents = YES;
				INFOPLIST_KEY_UILaunchStoryboardName = LaunchScreen;
				INFOPLIST_KEY_UISupportedInterfaceOrientations = UIInterfaceOrientationPortrait;
				INFOPLIST_KEY_UISupportedInterfaceOrientations_iPad = "UIInterfaceOrientationLandscapeLeft UIInterfaceOrientationLandscapeRight UIInterfaceOrientationPortrait UIInterfaceOrientationPortraitUpsideDown";
				LD_RUNPATH_SEARCH_PATHS = (
					"$(inherited)",
					"@executable_path/Frameworks",
				);
				MARKETING_VERSION = 1.0;
				PRODUCT_BUNDLE_IDENTIFIER = "ahmed-elgndy.Arc";
				PRODUCT_NAME = "$(TARGET_NAME)";
				SUPPORTED_PLATFORMS = "iphoneos iphonesimulator";
				SUPPORTS_MACCATALYST = NO;
				SUPPORTS_MAC_DESIGNED_FOR_IPHONE_IPAD = NO;
				SUPPORTS_XR_DESIGNED_FOR_IPHONE_IPAD = NO;
				SWIFT_EMIT_LOC_STRINGS = YES;
				SWIFT_VERSION = 5.0;
				TARGETED_DEVICE_FAMILY = 1;
			};
			name = Debug;
		};
		154376A12DB3D1A300A2B39B /* Release */ = {
			isa = XCBuildConfiguration;
			buildSettings = {
				ASSETCATALOG_COMPILER_APPICON_NAME = AppIcon;
				ASSETCATALOG_COMPILER_GLOBAL_ACCENT_COLOR_NAME = AccentColor;
				CODE_SIGN_STYLE = Automatic;
				CURRENT_PROJECT_VERSION = 1;
				DEVELOPMENT_TEAM = 88966CQ476;
				GENERATE_INFOPLIST_FILE = YES;
				INFOPLIST_FILE = Arc/Info.plist;
				INFOPLIST_KEY_UIApplicationSupportsIndirectInputEvents = YES;
				INFOPLIST_KEY_UILaunchStoryboardName = LaunchScreen;
				INFOPLIST_KEY_UISupportedInterfaceOrientations = UIInterfaceOrientationPortrait;
				INFOPLIST_KEY_UISupportedInterfaceOrientations_iPad = "UIInterfaceOrientationLandscapeLeft UIInterfaceOrientationLandscapeRight UIInterfaceOrientationPortrait UIInterfaceOrientationPortraitUpsideDown";
				LD_RUNPATH_SEARCH_PATHS = (
					"$(inherited)",
					"@executable_path/Frameworks",
				);
				MARKETING_VERSION = 1.0;
				PRODUCT_BUNDLE_IDENTIFIER = "ahmed-elgndy.Arc";
				PRODUCT_NAME = "$(TARGET_NAME)";
				SUPPORTED_PLATFORMS = "iphoneos iphonesimulator";
				SUPPORTS_MACCATALYST = NO;
				SUPPORTS_MAC_DESIGNED_FOR_IPHONE_IPAD = NO;
				SUPPORTS_XR_DESIGNED_FOR_IPHONE_IPAD = NO;
				SWIFT_EMIT_LOC_STRINGS = YES;
				SWIFT_VERSION = 5.0;
				TARGETED_DEVICE_FAMILY = 1;
			};
			name = Release;
		};
/* End XCBuildConfiguration section */

/* Begin XCConfigurationList section */
		154376862DB3D1A100A2B39B /* Build configuration list for PBXProject "Arc" */ = {
			isa = XCConfigurationList;
			buildConfigurations = (
				1543769D2DB3D1A300A2B39B /* Debug */,
				1543769E2DB3D1A300A2B39B /* Release */,
			);
			defaultConfigurationIsVisible = 0;
			defaultConfigurationName = Release;
		};
		1543769F2DB3D1A300A2B39B /* Build configuration list for PBXNativeTarget "Arc" */ = {
			isa = XCConfigurationList;
			buildConfigurations = (
				154376A02DB3D1A300A2B39B /* Debug */,
				154376A12DB3D1A300A2B39B /* Release */,
			);
			defaultConfigurationIsVisible = 0;
			defaultConfigurationName = Release;
		};
/* End XCConfigurationList section */

/* Begin XCVersionGroup section */
		154285E92DBAEB9600457B9C /* arc.xcdatamodeld */ = {
			isa = XCVersionGroup;
			children = (
				154285EA2DBAEB9600457B9C /* Model.xcdatamodel */,
			);
			currentVersion = 154285EA2DBAEB9600457B9C /* Model.xcdatamodel */;
			path = arc.xcdatamodeld;
			sourceTree = "<group>";
			versionGroupType = wrapper.xcdatamodel;
		};
/* End XCVersionGroup section */
	};
	rootObject = 154376832DB3D1A100A2B39B /* Project object */;
}
